
Microsoft Visual Studio Solution File, Format Version 12.00
# Visual Studio Version 16
VisualStudioVersion = 16.0.30204.135
MinimumVisualStudioVersion = 10.0.40219.1
Project("{9A19103F-16F7-4668-BE54-9A1E7A4F7556}") = "JobHunter", "JobHunter.csproj", "{FEE53887-E8CF-4B3B-A513-B569580B3F23}"
EndProject
Project("{9A19103F-16F7-4668-BE54-9A1E7A4F7556}") = "BlueSite.Data", "..\..\BlueSite.Data\BlueSite.Data.csproj", "{C512A97D-C87D-4766-9621-11A3D2354028}"
EndProject
Project("{FAE04EC0-301F-11D3-BF4B-00C04F79EFBC}") = "BlueSite.Components", "..\..\BlueSite.Components\BlueSite.Components.csproj", "{9C0FD27E-FAC5-48B5-AE21-48DB6164ACF8}"
EndProject
Global
	GlobalSection(SolutionConfigurationPlatforms) = preSolution
		Debug|Any CPU = Debug|Any CPU
		Release|Any CPU = Release|Any CPU
	EndGlobalSection
	GlobalSection(ProjectConfigurationPlatforms) = postSolution
		{FEE53887-E8CF-4B3B-A513-B569580B3F23}.Debug|Any CPU.ActiveCfg = Debug|Any CPU
		{FEE53887-E8CF-4B3B-A513-B569580B3F23}.Debug|Any CPU.Build.0 = Debug|Any CPU
		{FEE53887-E8CF-4B3B-A513-B569580B3F23}.Release|Any CPU.ActiveCfg = Release|Any CPU
		{FEE53887-E8CF-4B3B-A513-B569580B3F23}.Release|Any CPU.Build.0 = Release|Any CPU
		{C512A97D-C87D-4766-9621-11A3D2354028}.Debug|Any CPU.ActiveCfg = Debug|Any CPU
		{C512A97D-C87D-4766-9621-11A3D2354028}.Debug|Any CPU.Build.0 = Debug|Any CPU
		{C512A97D-C87D-4766-9621-11A3D2354028}.Release|Any CPU.ActiveCfg = Release|Any CPU
		{C512A97D-C87D-4766-9621-11A3D2354028}.Release|Any CPU.Build.0 = Release|Any CPU
		{9C0FD27E-FAC5-48B5-AE21-48DB6164ACF8}.Debug|Any CPU.ActiveCfg = Debug|Any CPU
		{9C0FD27E-FAC5-48B5-AE21-48DB6164ACF8}.Debug|Any CPU.Build.0 = Debug|Any CPU
		{9C0FD27E-FAC5-48B5-AE21-48DB6164ACF8}.Release|Any CPU.ActiveCfg = Release|Any CPU
		{9C0FD27E-FAC5-48B5-AE21-48DB6164ACF8}.Release|Any CPU.Build.0 = Release|Any CPU
	EndGlobalSection
	GlobalSection(SolutionProperties) = preSolution
		HideSolutionNode = FALSE
	EndGlobalSection
	GlobalSection(ExtensibilityGlobals) = postSolution
		SolutionGuid = {4A1376AC-3A13-408F-B9EC-3B2A0EF1B3C3}
	EndGlobalSection
EndGlobal
